
Microsoft Visual Studio Solution File, Format Version 12.00
# Visual Studio Version 17
VisualStudioVersion = 17.9.34723.18
MinimumVisualStudioVersion = 10.0.40219.1
Project("{FAE04EC0-301F-11D3-BF4B-00C04F79EFBC}") = "StateMachineExample", "StateMachineExample\StateMachineExample.csproj", "{2ADC7F29-FA63-43F5-A71D-BB4E9B61A672}"
EndProject
Global
	GlobalSection(SolutionConfigurationPlatforms) = preSolution
		Debug|Any CPU = Debug|Any CPU
		Release|Any CPU = Release|Any CPU
	EndGlobalSection
	GlobalSection(ProjectConfigurationPlatforms) = postSolution
		{2ADC7F29-FA63-43F5-A71D-BB4E9B61A672}.Debug|Any CPU.ActiveCfg = Debug|Any CPU
		{2ADC7F29-FA63-43F5-A71D-BB4E9B61A672}.Debug|Any CPU.Build.0 = Debug|Any CPU
		{2ADC7F29-FA63-43F5-A71D-BB4E9B61A672}.Release|Any CPU.ActiveCfg = Release|Any CPU
		{2ADC7F29-FA63-43F5-A71D-BB4E9B61A672}.Release|Any CPU.Build.0 = Release|Any CPU
	EndGlobalSection
	GlobalSection(SolutionProperties) = preSolution
		HideSolutionNode = FALSE
	EndGlobalSection
	GlobalSection(ExtensibilityGlobals) = postSolution
		SolutionGuid = {37FC2917-F8BB-405A-96D2-824552BB4F3C}
	EndGlobalSection
EndGlobal
